
Microsoft Visual Studio Solution File, Format Version 12.00
# Visual Studio Version 16
VisualStudioVersion = 16.0.31911.196
MinimumVisualStudioVersion = 10.0.40219.1
Project("{FAE04EC0-301F-11D3-BF4B-00C04F79EFBC}") = "second-app-for-generating-pdf", "second-app-for-generating-pdf\second-app-for-generating-pdf.csproj", "{026CFFB4-2153-4C4D-9CCD-FB7FFEE40470}"
EndProject
Global
	GlobalSection(SolutionConfigurationPlatforms) = preSolution
		Debug|Any CPU = Debug|Any CPU
		Release|Any CPU = Release|Any CPU
	EndGlobalSection
	GlobalSection(ProjectConfigurationPlatforms) = postSolution
		{026CFFB4-2153-4C4D-9CCD-FB7FFEE40470}.Debug|Any CPU.ActiveCfg = Debug|Any CPU
		{026CFFB4-2153-4C4D-9CCD-FB7FFEE40470}.Debug|Any CPU.Build.0 = Debug|Any CPU
		{026CFFB4-2153-4C4D-9CCD-FB7FFEE40470}.Release|Any CPU.ActiveCfg = Release|Any CPU
		{026CFFB4-2153-4C4D-9CCD-FB7FFEE40470}.Release|Any CPU.Build.0 = Release|Any CPU
	EndGlobalSection
	GlobalSection(SolutionProperties) = preSolution
		HideSolutionNode = FALSE
	EndGlobalSection
	GlobalSection(ExtensibilityGlobals) = postSolution
		SolutionGuid = {109973FF-FCE3-4F74-BE95-12076CF77E77}
	EndGlobalSection
EndGlobal
